// !$*UTF8*$!
{
	archiveVersion = 1;
	classes = {
	};
	objectVersion = 46;
	objects = {

/* Begin PBXBuildFile section */
		CC7DFBBD1EB06F510049E41B /* AppDelegate.swift in Sources */ = {isa = PBXBuildFile; fileRef = CC7DFBBC1EB06F510049E41B /* AppDelegate.swift */; };
		CC7DFBBF1EB06F510049E41B /* ViewController.swift in Sources */ = {isa = PBXBuildFile; fileRef = CC7DFBBE1EB06F510049E41B /* ViewController.swift */; };
		CC7DFBC21EB06F510049E41B /* Main.storyboard in Resources */ = {isa = PBXBuildFile; fileRef = CC7DFBC01EB06F510049E41B /* Main.storyboard */; };
		CC7DFBC41EB06F510049E41B /* Assets.xcassets in Resources */ = {isa = PBXBuildFile; fileRef = CC7DFBC31EB06F510049E41B /* Assets.xcassets */; };
		CC7DFBC71EB06F510049E41B /* LaunchScreen.storyboard in Resources */ = {isa = PBXBuildFile; fileRef = CC7DFBC51EB06F510049E41B /* LaunchScreen.storyboard */; };
		CC7DFBCF1EB073F30049E41B /* ScaleViewController.swift in Sources */ = {isa = PBXBuildFile; fileRef = CC7DFBCE1EB073F30049E41B /* ScaleViewController.swift */; };
		CC7DFBD11EB1BD700049E41B /* spring1.jpg in Resources */ = {isa = PBXBuildFile; fileRef = CC7DFBD01EB1BD700049E41B /* spring1.jpg */; };
		CC7DFBD31EB1BD940049E41B /* spring2.jpg in Resources */ = {isa = PBXBuildFile; fileRef = CC7DFBD21EB1BD930049E41B /* spring2.jpg */; };
		CC7DFBD51EB1BDA60049E41B /* spring3.jpg in Resources */ = {isa = PBXBuildFile; fileRef = CC7DFBD41EB1BDA60049E41B /* spring3.jpg */; };
/* End PBXBuildFile section */

/* Begin PBXFileReference section */
		CC7DFBB91EB06F510049E41B /* SlideshowApp.app */ = {isa = PBXFileReference; explicitFileType = wrapper.application; includeInIndex = 0; path = SlideshowApp.app; sourceTree = BUILT_PRODUCTS_DIR; };
		CC7DFBBC1EB06F510049E41B /* AppDelegate.swift */ = {isa = PBXFileReference; lastKnownFileType = sourcecode.swift; path = AppDelegate.swift; sourceTree = "<group>"; };
		CC7DFBBE1EB06F510049E41B /* ViewController.swift */ = {isa = PBXFileReference; lastKnownFileType = sourcecode.swift; path = ViewController.swift; sourceTree = "<group>"; };
		CC7DFBC11EB06F510049E41B /* Base */ = {isa = PBXFileReference; lastKnownFileType = file.storyboard; name = Base; path = Base.lproj/Main.storyboard; sourceTree = "<group>"; };
		CC7DFBC31EB06F510049E41B /* Assets.xcassets */ = {isa = PBXFileReference; lastKnownFileType = folder.assetcatalog; path = Assets.xcassets; sourceTree = "<group>"; };
		CC7DFBC61EB06F510049E41B /* Base */ = {isa = PBXFileReference; lastKnownFileType = file.storyboard; name = Base; path = Base.lproj/LaunchScreen.storyboard; sourceTree = "<group>"; };
		CC7DFBC81EB06F510049E41B /* Info.plist */ = {isa = PBXFileReference; lastKnownFileType = text.plist.xml; path = Info.plist; sourceTree = "<group>"; };
		CC7DFBCE1EB073F30049E41B /* ScaleViewController.swift */ = {isa = PBXFileReference; fileEncoding = 4; lastKnownFileType = sourcecode.swift; path = ScaleViewController.swift; sourceTree = "<group>"; };
		CC7DFBD01EB1BD700049E41B /* spring1.jpg */ = {isa = PBXFileReference; lastKnownFileType = image.jpeg; path = spring1.jpg; sourceTree = "<group>"; };
		CC7DFBD21EB1BD930049E41B /* spring2.jpg */ = {isa = PBXFileReference; lastKnownFileType = image.jpeg; path = spring2.jpg; sourceTree = "<group>"; };
		CC7DFBD41EB1BDA60049E41B /* spring3.jpg */ = {isa = PBXFileReference; lastKnownFileType = image.jpeg; path = spring3.jpg; sourceTree = "<group>"; };
/* End PBXFileReference section */

/* Begin PBXFrameworksBuildPhase section */
		CC7DFBB61EB06F510049E41B /* Frameworks */ = {
			isa = PBXFrameworksBuildPhase;
			buildActionMask = 2147483647;
			files = (
			);
			runOnlyForDeploymentPostprocessing = 0;
		};
/* End PBXFrameworksBuildPhase section */

/* Begin PBXGroup section */
		CC7DFBB01EB06F510049E41B = {
			isa = PBXGroup;
			children = (
				CC7DFBBB1EB06F510049E41B /* SlideshowApp */,
				CC7DFBBA1EB06F510049E41B /* Products */,
				CC7DFBD01EB1BD700049E41B /* spring1.jpg */,
				CC7DFBD21EB1BD930049E41B /* spring2.jpg */,
				CC7DFBD41EB1BDA60049E41B /* spring3.jpg */,
			);
			sourceTree = "<group>";
		};
		CC7DFBBA1EB06F510049E41B /* Products */ = {
			isa = PBXGroup;
			children = (
				CC7DFBB91EB06F510049E41B /* SlideshowApp.app */,
			);
			name = Products;
			sourceTree = "<group>";
		};
		CC7DFBBB1EB06F510049E41B /* SlideshowApp */ = {
			isa = PBXGroup;
			children = (
				CC7DFBBC1EB06F510049E41B /* AppDelegate.swift */,
				CC7DFBBE1EB06F510049E41B /* ViewController.swift */,
				CC7DFBCE1EB073F30049E41B /* ScaleViewController.swift */,
				CC7DFBC01EB06F510049E41B /* Main.storyboard */,
				CC7DFBC31EB06F510049E41B /* Assets.xcassets */,
				CC7DFBC51EB06F510049E41B /* LaunchScreen.storyboard */,
				CC7DFBC81EB06F510049E41B /* Info.plist */,
			);
			path = SlideshowApp;
			sourceTree = "<group>";
		};
/* End PBXGroup section */

/* Begin PBXNativeTarget section */
		CC7DFBB81EB06F510049E41B /* SlideshowApp */ = {
			isa = PBXNativeTarget;
			buildConfigurationList = CC7DFBCB1EB06F510049E41B /* Build configuration list for PBXNativeTarget "SlideshowApp" */;
			buildPhases = (
				CC7DFBB51EB06F510049E41B /* Sources */,
				CC7DFBB61EB06F510049E41B /* Frameworks */,
				CC7DFBB71EB06F510049E41B /* Resources */,
			);
			buildRules = (
			);
			dependencies = (
			);
			name = SlideshowApp;
			productName = SlideshowApp;
			productReference = CC7DFBB91EB06F510049E41B /* SlideshowApp.app */;
			productType = "com.apple.product-type.application";
		};
/* End PBXNativeTarget section */

/* Begin PBXProject section */
		CC7DFBB11EB06F510049E41B /* Project object */ = {
			isa = PBXProject;
			attributes = {
				LastSwiftUpdateCheck = 0830;
				LastUpgradeCheck = 0830;
				ORGANIZATIONNAME = Yosuke.Takahashi;
				TargetAttributes = {
					CC7DFBB81EB06F510049E41B = {
						CreatedOnToolsVersion = 8.3.2;
						ProvisioningStyle = Automatic;
					};
				};
			};
			buildConfigurationList = CC7DFBB41EB06F510049E41B /* Build configuration list for PBXProject "SlideshowApp" */;
			compatibilityVersion = "Xcode 3.2";
			developmentRegion = English;
			hasScannedForEncodings = 0;
			knownRegions = (
				en,
				Base,
			);
			mainGroup = CC7DFBB01EB06F510049E41B;
			productRefGroup = CC7DFBBA1EB06F510049E41B /* Products */;
			projectDirPath = "";
			projectRoot = "";
			targets = (
				CC7DFBB81EB06F510049E41B /* SlideshowApp */,
			);
		};
/* End PBXProject section */

/* Begin PBXResourcesBuildPhase section */
		CC7DFBB71EB06F510049E41B /* Resources */ = {
			isa = PBXResourcesBuildPhase;
			buildActionMask = 2147483647;
			files = (
				CC7DFBC71EB06F510049E41B /* LaunchScreen.storyboard in Resources */,
				CC7DFBC41EB06F510049E41B /* Assets.xcassets in Resources */,
				CC7DFBD31EB1BD940049E41B /* spring2.jpg in Resources */,
				CC7DFBD11EB1BD700049E41B /* spring1.jpg in Resources */,
				CC7DFBD51EB1BDA60049E41B /* spring3.jpg in Resources */,
				CC7DFBC21EB06F510049E41B /* Main.storyboard in Resources */,
			);
			runOnlyForDeploymentPostprocessing = 0;
		};
/* End PBXResourcesBuildPhase section */

/* Begin PBXSourcesBuildPhase section */
		CC7DFBB51EB06F510049E41B /* Sources */ = {
			isa = PBXSourcesBuildPhase;
			buildActionMask = 2147483647;
			files = (
				CC7DFBCF1EB073F30049E41B /* ScaleViewController.swift in Sources */,
				CC7DFBBF1EB06F510049E41B /* ViewController.swift in Sources */,
				CC7DFBBD1EB06F510049E41B /* AppDelegate.swift in Sources */,
			);
			runOnlyForDeploymentPostprocessing = 0;
		};
/* End PBXSourcesBuildPhase section */

/* Begin PBXVariantGroup section */
		CC7DFBC01EB06F510049E41B /* Main.storyboard */ = {
			isa = PBXVariantGroup;
			children = (
				CC7DFBC11EB06F510049E41B /* Base */,
			);
			name = Main.storyboard;
			sourceTree = "<group>";
		};
		CC7DFBC51EB06F510049E41B /* LaunchScreen.storyboard */ = {
			isa = PBXVariantGroup;
			children = (
				CC7DFBC61EB06F510049E41B /* Base */,
			);
			name = LaunchScreen.storyboard;
			sourceTree = "<group>";
		};
/* End PBXVariantGroup section */

/* Begin XCBuildConfiguration section */
		CC7DFBC91EB06F510049E41B /* Debug */ = {
			isa = XCBuildConfiguration;
			buildSettings = {
				ALWAYS_SEARCH_USER_PATHS = NO;
				CLANG_ANALYZER_NONNULL = YES;
				CLANG_ANALYZER_NUMBER_OBJECT_CONVERSION = YES_AGGRESSIVE;
				CLANG_CXX_LANGUAGE_STANDARD = "gnu++0x";
				CLANG_CXX_LIBRARY = "libc++";
				CLANG_ENABLE_MODULES = YES;
				CLANG_ENABLE_OBJC_ARC = YES;
				CLANG_WARN_BOOL_CONVERSION = YES;
				CLANG_WARN_CONSTANT_CONVERSION = YES;
				CLANG_WARN_DIRECT_OBJC_ISA_USAGE = YES_ERROR;
				CLANG_WARN_DOCUMENTATION_COMMENTS = YES;
				CLANG_WARN_EMPTY_BODY = YES;
				CLANG_WARN_ENUM_CONVERSION = YES;
				CLANG_WARN_INFINITE_RECURSION = YES;
				CLANG_WARN_INT_CONVERSION = YES;
				CLANG_WARN_OBJC_ROOT_CLASS = YES_ERROR;
				CLANG_WARN_SUSPICIOUS_MOVE = YES;
				CLANG_WARN_UNREACHABLE_CODE = YES;
				CLANG_WARN__DUPLICATE_METHOD_MATCH = YES;
				"CODE_SIGN_IDENTITY[sdk=iphoneos*]" = "iPhone Developer";
				COPY_PHASE_STRIP = NO;
				DEBUG_INFORMATION_FORMAT = dwarf;
				ENABLE_STRICT_OBJC_MSGSEND = YES;
				ENABLE_TESTABILITY = YES;
				GCC_C_LANGUAGE_STANDARD = gnu99;
				GCC_DYNAMIC_NO_PIC = NO;
				GCC_NO_COMMON_BLOCKS = YES;
				GCC_OPTIMIZATION_LEVEL = 0;
				GCC_PREPROCESSOR_DEFINITIONS = (
					"DEBUG=1",
					"$(inherited)",
				);
				GCC_WARN_64_TO_32_BIT_CONVERSION = YES;
				GCC_WARN_ABOUT_RETURN_TYPE = YES_ERROR;
				GCC_WARN_UNDECLARED_SELECTOR = YES;
				GCC_WARN_UNINITIALIZED_AUTOS = YES_AGGRESSIVE;
				GCC_WARN_UNUSED_FUNCTION = YES;
				GCC_WARN_UNUSED_VARIABLE = YES;
				IPHONEOS_DEPLOYMENT_TARGET = 10.3;
				MTL_ENABLE_DEBUG_INFO = YES;
				ONLY_ACTIVE_ARCH = YES;
				SDKROOT = iphoneos;
				SWIFT_ACTIVE_COMPILATION_CONDITIONS = DEBUG;
				SWIFT_OPTIMIZATION_LEVEL = "-Onone";
			};
			name = Debug;
		};
		CC7DFBCA1EB06F510049E41B /* Release */ = {
			isa = XCBuildConfiguration;
			buildSettings = {
				ALWAYS_SEARCH_USER_PATHS = NO;
				CLANG_ANALYZER_NONNULL = YES;
				CLANG_ANALYZER_NUMBER_OBJECT_CONVERSION = YES_AGGRESSIVE;
				CLANG_CXX_LANGUAGE_STANDARD = "gnu++0x";
				CLANG_CXX_LIBRARY = "libc++";
				CLANG_ENABLE_MODULES = YES;
				CLANG_ENABLE_OBJC_ARC = YES;
				CLANG_WARN_BOOL_CONVERSION = YES;
				CLANG_WARN_CONSTANT_CONVERSION = YES;
				CLANG_WARN_DIRECT_OBJC_ISA_USAGE = YES_ERROR;
				CLANG_WARN_DOCUMENTATION_COMMENTS = YES;
				CLANG_WARN_EMPTY_BODY = YES;
				CLANG_WARN_ENUM_CONVERSION = YES;
				CLANG_WARN_INFINITE_RECURSION = YES;
				CLANG_WARN_INT_CONVERSION = YES;
				CLANG_WARN_OBJC_ROOT_CLASS = YES_ERROR;
				CLANG_WARN_SUSPICIOUS_MOVE = YES;
				CLANG_WARN_UNREACHABLE_CODE = YES;
				CLANG_WARN__DUPLICATE_METHOD_MATCH = YES;
				"CODE_SIGN_IDENTITY[sdk=iphoneos*]" = "iPhone Developer";
				COPY_PHASE_STRIP = NO;
				DEBUG_INFORMATION_FORMAT = "dwarf-with-dsym";
				ENABLE_NS_ASSERTIONS = NO;
				ENABLE_STRICT_OBJC_MSGSEND = YES;
				GCC_C_LANGUAGE_STANDARD = gnu99;
				GCC_NO_COMMON_BLOCKS = YES;
				GCC_WARN_64_TO_32_BIT_CONVERSION = YES;
				GCC_WARN_ABOUT_RETURN_TYPE = YES_ERROR;
				GCC_WARN_UNDECLARED_SELECTOR = YES;
				GCC_WARN_UNINITIALIZED_AUTOS = YES_AGGRESSIVE;
				GCC_WARN_UNUSED_FUNCTION = YES;
				GCC_WARN_UNUSED_VARIABLE = YES;
				IPHONEOS_DEPLOYMENT_TARGET = 10.3;
				MTL_ENABLE_DEBUG_INFO = NO;
				SDKROOT = iphoneos;
				SWIFT_OPTIMIZATION_LEVEL = "-Owholemodule";
				VALIDATE_PRODUCT = YES;
			};
			name = Release;
		};
		CC7DFBCC1EB06F510049E41B /* Debug */ = {
			isa = XCBuildConfiguration;
			buildSettings = {
				ASSETCATALOG_COMPILER_APPICON_NAME = AppIcon;
				INFOPLIST_FILE = SlideshowApp/Info.plist;
				LD_RUNPATH_SEARCH_PATHS = "$(inherited) @executable_path/Frameworks";
				PRODUCT_BUNDLE_IDENTIFIER = jp.techacademy.yousuke.takahashi.SlideshowApp;
				PRODUCT_NAME = "$(TARGET_NAME)";
				SWIFT_VERSION = 3.0;
			};
			name = Debug;
		};
		CC7DFBCD1EB06F510049E41B /* Release */ = {
			isa = XCBuildConfiguration;
			buildSettings = {
				ASSETCATALOG_COMPILER_APPICON_NAME = AppIcon;
				INFOPLIST_FILE = SlideshowApp/Info.plist;
				LD_RUNPATH_SEARCH_PATHS = "$(inherited) @executable_path/Frameworks";
				PRODUCT_BUNDLE_IDENTIFIER = jp.techacademy.yousuke.takahashi.SlideshowApp;
				PRODUCT_NAME = "$(TARGET_NAME)";
				SWIFT_VERSION = 3.0;
			};
			name = Release;
		};
/* End XCBuildConfiguration section */

/* Begin XCConfigurationList section */
		CC7DFBB41EB06F510049E41B /* Build configuration list for PBXProject "SlideshowApp" */ = {
			isa = XCConfigurationList;
			buildConfigurations = (
				CC7DFBC91EB06F510049E41B /* Debug */,
				CC7DFBCA1EB06F510049E41B /* Release */,
			);
			defaultConfigurationIsVisible = 0;
			defaultConfigurationName = Release;
		};
		CC7DFBCB1EB06F510049E41B /* Build configuration list for PBXNativeTarget "SlideshowApp" */ = {
			isa = XCConfigurationList;
			buildConfigurations = (
				CC7DFBCC1EB06F510049E41B /* Debug */,
				CC7DFBCD1EB06F510049E41B /* Release */,
			);
			defaultConfigurationIsVisible = 0;
		};
/* End XCConfigurationList section */
	};
	rootObject = CC7DFBB11EB06F510049E41B /* Project object */;
}
